PODS:
  - PaulHeckelDifference (1.0.7)
  - SectionDataSource (0.9):
    - PaulHeckelDifference
    - SortedArray
  - SortedArray (0.1)

DEPENDENCIES:
  - SectionDataSource (from `../`)

EXTERNAL SOURCES:
  SectionDataSource:
    :path: ../

SPEC CHECKSUMS:
  PaulHeckelDifference: e5647c0f0bc72e7fcc03885d01a9088d485f3693
  SectionDataSource: 41b1fc27a727ef3d91aa521db1e1df8cba777904
  SortedArray: 79d239b01323db477446afa5d2103fbdf06b6050

PODFILE CHECKSUM: 793967a1a54bb2896468d4efd7aff48399c91e69

COCOAPODS: 1.4.0.beta.1
